// !$*UTF8*$!
{
	archiveVersion = 1;
	classes = {
	};
	objectVersion = 56;
	objects = {

/* Begin PBXBuildFile section */
		E701DA7D28A6799B0043BA2A /* WatchConnectivity.swift in Sources */ = {isa = PBXBuildFile; fileRef = E701DA7C28A6799B0043BA2A /* WatchConnectivity.swift */; };
		E701DA7E28A680F90043BA2A /* WatchConnectivity.swift in Sources */ = {isa = PBXBuildFile; fileRef = E701DA7C28A6799B0043BA2A /* WatchConnectivity.swift */; platformFilter = ios; };
		E71A024628B663DE000176CA /* CatchTasks.swift in Sources */ = {isa = PBXBuildFile; fileRef = E77DBC4228B619DF0076C393 /* CatchTasks.swift */; };
		E735FE0D28A2577800FCE2E6 /* RopesApp.swift in Sources */ = {isa = PBXBuildFile; fileRef = E7EAFF89289F8DE900C28906 /* RopesApp.swift */; };
		E735FE1528A2589200FCE2E6 /* Persistence extension.swift in Sources */ = {isa = PBXBuildFile; fileRef = E7EAFFA8289F8F5B00C28906 /* Persistence extension.swift */; };
		E735FE1628A2589200FCE2E6 /* Persistence.swift in Sources */ = {isa = PBXBuildFile; fileRef = E7EAFF8B289F8DE900C28906 /* Persistence.swift */; };
		E735FE1728A2589200FCE2E6 /* Task core data.swift in Sources */ = {isa = PBXBuildFile; fileRef = E7EAFFAA289F8F5B00C28906 /* Task core data.swift */; };
		E735FE1828A258A500FCE2E6 /* LocalNotfication.swift in Sources */ = {isa = PBXBuildFile; fileRef = E7EAFF9F289F8F5B00C28906 /* LocalNotfication.swift */; };
		E735FE1928A258A500FCE2E6 /* Base.swift in Sources */ = {isa = PBXBuildFile; fileRef = E7EAFFA0289F8F5B00C28906 /* Base.swift */; };
		E735FE1A28A258A500FCE2E6 /* Data.swift in Sources */ = {isa = PBXBuildFile; fileRef = E7EAFF9E289F8F5B00C28906 /* Data.swift */; };
		E735FE1C28A259EC00FCE2E6 /* ContentView.swift in Sources */ = {isa = PBXBuildFile; fileRef = E7EAFFA4289F8F5B00C28906 /* ContentView.swift */; };
		E74210D228DCF4FA00AF9A70 /* Localizable.strings..strings in Resources */ = {isa = PBXBuildFile; fileRef = E74210D028DCF4FA00AF9A70 /* Localizable.strings..strings */; };
		E7436E1B28DE330E00E96EF5 /* WidgetKit.framework in Frameworks */ = {isa = PBXBuildFile; fileRef = E7B740DA28A6AEE9008048CF /* WidgetKit.framework */; };
		E7436E1C28DE330E00E96EF5 /* SwiftUI.framework in Frameworks */ = {isa = PBXBuildFile; fileRef = E7B740DC28A6AEE9008048CF /* SwiftUI.framework */; };
		E7436E2128DE331000E96EF5 /* Assets.xcassets in Resources */ = {isa = PBXBuildFile; fileRef = E7436E2028DE331000E96EF5 /* Assets.xcassets */; };
		E7436E2528DE331000E96EF5 /* WidjetsForWatchExtension.appex in Embed Foundation Extensions */ = {isa = PBXBuildFile; fileRef = E7436E1A28DE330E00E96EF5 /* WidjetsForWatchExtension.appex */; settings = {ATTRIBUTES = (RemoveHeadersOnCopy, ); }; };
		E7436E2A28DE333600E96EF5 /* RopesWidjet.swift in Sources */ = {isa = PBXBuildFile; fileRef = E7B740DF28A6AEE9008048CF /* RopesWidjet.swift */; };
		E7436E2B28DE336500E96EF5 /* Ropes.xcdatamodeld in Sources */ = {isa = PBXBuildFile; fileRef = E7EAFF8D289F8DE900C28906 /* Ropes.xcdatamodeld */; };
		E7436E2C28DE336800E96EF5 /* Persistence extension.swift in Sources */ = {isa = PBXBuildFile; fileRef = E7EAFFA8289F8F5B00C28906 /* Persistence extension.swift */; };
		E7436E2D28DE336B00E96EF5 /* Task core data.swift in Sources */ = {isa = PBXBuildFile; fileRef = E7EAFFAA289F8F5B00C28906 /* Task core data.swift */; };
		E7436E2E28DE336B00E96EF5 /* Persistence.swift in Sources */ = {isa = PBXBuildFile; fileRef = E7EAFF8B289F8DE900C28906 /* Persistence.swift */; };
		E7436E2F28DE336F00E96EF5 /* Data.swift in Sources */ = {isa = PBXBuildFile; fileRef = E7EAFF9E289F8F5B00C28906 /* Data.swift */; };
		E7436E3028DE336F00E96EF5 /* Base.swift in Sources */ = {isa = PBXBuildFile; fileRef = E7EAFFA0289F8F5B00C28906 /* Base.swift */; };
		E7436E3128DE336F00E96EF5 /* LocalNotfication.swift in Sources */ = {isa = PBXBuildFile; fileRef = E7EAFF9F289F8F5B00C28906 /* LocalNotfication.swift */; };
		E7436E3228DE339200E96EF5 /* WatchConnectivity.swift in Sources */ = {isa = PBXBuildFile; fileRef = E701DA7C28A6799B0043BA2A /* WatchConnectivity.swift */; };
		E745025528B8AE38005FB11A /* Localizable.strings in Resources */ = {isa = PBXBuildFile; fileRef = E745025828B8AE38005FB11A /* Localizable.strings */; };
		E745025628B8AE38005FB11A /* Localizable.strings in Resources */ = {isa = PBXBuildFile; fileRef = E745025828B8AE38005FB11A /* Localizable.strings */; };
		E745025F28B8AE59005FB11A /* InfoPlist.strings in Resources */ = {isa = PBXBuildFile; fileRef = E745025D28B8AE59005FB11A /* InfoPlist.strings */; };
		E745026528B8AE59005FB11A /* RopesForWatch Watch App-InfoPlist.strings in Resources */ = {isa = PBXBuildFile; fileRef = E745026328B8AE59005FB11A /* RopesForWatch Watch App-InfoPlist.strings */; };
		E745026828B8AE59005FB11A /* Localizable.strings in Resources */ = {isa = PBXBuildFile; fileRef = E745026628B8AE59005FB11A /* Localizable.strings */; };
		E748235628A2619C008E5087 /* Adding.swift in Sources */ = {isa = PBXBuildFile; fileRef = E748235528A2619C008E5087 /* Adding.swift */; };
		E758525928D754F500CFF90C /* AppShortcuts.strings in Resources */ = {isa = PBXBuildFile; fileRef = E758525728D754F500CFF90C /* AppShortcuts.strings */; };
		E776272428D5E80B004D5262 /* AppEntity.swift in Sources */ = {isa = PBXBuildFile; fileRef = E776272328D5E80B004D5262 /* AppEntity.swift */; };
		E776272528D5E80B004D5262 /* AppEntity.swift in Sources */ = {isa = PBXBuildFile; fileRef = E776272328D5E80B004D5262 /* AppEntity.swift */; };
		E776272728D5EEFB004D5262 /* DeleteIntent.swift in Sources */ = {isa = PBXBuildFile; fileRef = E776272628D5EEFB004D5262 /* DeleteIntent.swift */; };
		E776272828D5EEFB004D5262 /* DeleteIntent.swift in Sources */ = {isa = PBXBuildFile; fileRef = E776272628D5EEFB004D5262 /* DeleteIntent.swift */; };
		E7764A3E28B360210022E8C3 /* Persistence extension.swift in Sources */ = {isa = PBXBuildFile; fileRef = E7EAFFA8289F8F5B00C28906 /* Persistence extension.swift */; };
		E7764A3F28B360210022E8C3 /* Task core data.swift in Sources */ = {isa = PBXBuildFile; fileRef = E7EAFFAA289F8F5B00C28906 /* Task core data.swift */; };
		E7764A4028B360210022E8C3 /* Persistence.swift in Sources */ = {isa = PBXBuildFile; fileRef = E7EAFF8B289F8DE900C28906 /* Persistence.swift */; };
		E7764A4128B360250022E8C3 /* LocalNotfication.swift in Sources */ = {isa = PBXBuildFile; fileRef = E7EAFF9F289F8F5B00C28906 /* LocalNotfication.swift */; };
		E7764A4228B360250022E8C3 /* Base.swift in Sources */ = {isa = PBXBuildFile; fileRef = E7EAFFA0289F8F5B00C28906 /* Base.swift */; };
		E7764A4328B360250022E8C3 /* Data.swift in Sources */ = {isa = PBXBuildFile; fileRef = E7EAFF9E289F8F5B00C28906 /* Data.swift */; };
		E7764A4428B360FB0022E8C3 /* WatchConnectivity.swift in Sources */ = {isa = PBXBuildFile; fileRef = E701DA7C28A6799B0043BA2A /* WatchConnectivity.swift */; };
		E7764A4728B36AAF0022E8C3 /* AddIntent.swift in Sources */ = {isa = PBXBuildFile; fileRef = E7764A4628B36AAF0022E8C3 /* AddIntent.swift */; };
		E7764A4828B36AAF0022E8C3 /* AddIntent.swift in Sources */ = {isa = PBXBuildFile; fileRef = E7764A4628B36AAF0022E8C3 /* AddIntent.swift */; };
		E77814D628A4DBE60073FFEF /* StackNavigationView.swift in Sources */ = {isa = PBXBuildFile; fileRef = E77814D528A4DBE60073FFEF /* StackNavigationView.swift */; platformFilters = (macos, ); };
		E77814DA28A4E62A0073FFEF /* ContentViewForMAC.swift in Sources */ = {isa = PBXBuildFile; fileRef = E77814D928A4E62A0073FFEF /* ContentViewForMAC.swift */; platformFilters = (macos, ); };
		E77814DC28A4E7D60073FFEF /* SettingsForMac.swift in Sources */ = {isa = PBXBuildFile; fileRef = E77814DB28A4E7D60073FFEF /* SettingsForMac.swift */; platformFilters = (macos, ); };
		E77DBC4328B619DF0076C393 /* CatchTasks.swift in Sources */ = {isa = PBXBuildFile; fileRef = E77DBC4228B619DF0076C393 /* CatchTasks.swift */; };
		E780B69428A25B4E001DA39A /* Ropes.xcdatamodeld in Sources */ = {isa = PBXBuildFile; fileRef = E7EAFF8D289F8DE900C28906 /* Ropes.xcdatamodeld */; };
		E7A0CF9D28D4F2DE00EE60E4 /* advice_menu.swift in Sources */ = {isa = PBXBuildFile; fileRef = E7A0CF9A28D4F2DE00EE60E4 /* advice_menu.swift */; platformFilter = ios; };
		E7A0CF9E28D4F2DE00EE60E4 /* advices.swift in Sources */ = {isa = PBXBuildFile; fileRef = E7A0CF9B28D4F2DE00EE60E4 /* advices.swift */; platformFilter = ios; };
		E7A0CF9F28D4F2DE00EE60E4 /* Shortcuts_advice.swift in Sources */ = {isa = PBXBuildFile; fileRef = E7A0CF9C28D4F2DE00EE60E4 /* Shortcuts_advice.swift */; platformFilter = ios; };
		E7A0CFA028D4F3C000EE60E4 /* Ropes.app in Embed Watch Content */ = {isa = PBXBuildFile; fileRef = E735FDFD28A2538E00FCE2E6 /* Ropes.app */; platformFilter = ios; settings = {ATTRIBUTES = (RemoveHeadersOnCopy, ); }; };
		E7A0CFA428D4F3F800EE60E4 /* Assets.xcassets in Resources */ = {isa = PBXBuildFile; fileRef = E7EAFFA5289F8F5B00C28906 /* Assets.xcassets */; };
		E7A0CFAB28D4F5D800EE60E4 /* AllIntents.swift in Sources */ = {isa = PBXBuildFile; fileRef = E7A0CFA728D4F5D800EE60E4 /* AllIntents.swift */; };
		E7A0CFAD28D4F5D800EE60E4 /* AddCustomIntent.swift in Sources */ = {isa = PBXBuildFile; fileRef = E7A0CFA928D4F5D800EE60E4 /* AddCustomIntent.swift */; };
		E7B740DB28A6AEE9008048CF /* WidgetKit.framework in Frameworks */ = {isa = PBXBuildFile; fileRef = E7B740DA28A6AEE9008048CF /* WidgetKit.framework */; };
		E7B740DD28A6AEE9008048CF /* SwiftUI.framework in Frameworks */ = {isa = PBXBuildFile; fileRef = E7B740DC28A6AEE9008048CF /* SwiftUI.framework */; };
		E7B740E028A6AEE9008048CF /* RopesWidjet.swift in Sources */ = {isa = PBXBuildFile; fileRef = E7B740DF28A6AEE9008048CF /* RopesWidjet.swift */; };
		E7B740E228A6AEEA008048CF /* Assets.xcassets in Resources */ = {isa = PBXBuildFile; fileRef = E7B740E128A6AEEA008048CF /* Assets.xcassets */; };
		E7B740E628A6AEEA008048CF /* WidjetsExtension.appex in Embed Foundation Extensions */ = {isa = PBXBuildFile; fileRef = E7B740D828A6AEE9008048CF /* WidjetsExtension.appex */; platformFilter = ios; settings = {ATTRIBUTES = (RemoveHeadersOnCopy, ); }; };
		E7DDC1CE28DCD58600D902AA /* Ropes.xcdatamodeld in Sources */ = {isa = PBXBuildFile; fileRef = E7EAFF8D289F8DE900C28906 /* Ropes.xcdatamodeld */; };
		E7DDC1CF28DCD64000D902AA /* AddCustomIntent.swift in Sources */ = {isa = PBXBuildFile; fileRef = E7A0CFA928D4F5D800EE60E4 /* AddCustomIntent.swift */; };
		E7DDC1D128DCD64000D902AA /* AddIntent.swift in Sources */ = {isa = PBXBuildFile; fileRef = E7764A4628B36AAF0022E8C3 /* AddIntent.swift */; };
		E7DDC1D228DCD64000D902AA /* AppEntity.swift in Sources */ = {isa = PBXBuildFile; fileRef = E776272328D5E80B004D5262 /* AppEntity.swift */; };
		E7DDC1D328DCD64000D902AA /* DeleteIntent.swift in Sources */ = {isa = PBXBuildFile; fileRef = E776272628D5EEFB004D5262 /* DeleteIntent.swift */; };
		E7DDC1D428DCD64000D902AA /* CatchTasks.swift in Sources */ = {isa = PBXBuildFile; fileRef = E77DBC4228B619DF0076C393 /* CatchTasks.swift */; };
		E7EAFF8A289F8DE900C28906 /* RopesApp.swift in Sources */ = {isa = PBXBuildFile; fileRef = E7EAFF89289F8DE900C28906 /* RopesApp.swift */; };
		E7EAFF8C289F8DE900C28906 /* Persistence.swift in Sources */ = {isa = PBXBuildFile; fileRef = E7EAFF8B289F8DE900C28906 /* Persistence.swift */; };
		E7EAFF8F289F8DE900C28906 /* Ropes.xcdatamodeld in Sources */ = {isa = PBXBuildFile; fileRef = E7EAFF8D289F8DE900C28906 /* Ropes.xcdatamodeld */; };
		E7EAFF93289F8DEA00C28906 /* Assets.xcassets in Resources */ = {isa = PBXBuildFile; fileRef = E7EAFF92289F8DEA00C28906 /* Assets.xcassets */; };
		E7EAFF97289F8DEA00C28906 /* Preview Assets.xcassets in Resources */ = {isa = PBXBuildFile; fileRef = E7EAFF96289F8DEA00C28906 /* Preview Assets.xcassets */; };
		E7EAFFAC289F8F5B00C28906 /* Data.swift in Sources */ = {isa = PBXBuildFile; fileRef = E7EAFF9E289F8F5B00C28906 /* Data.swift */; };
		E7EAFFAD289F8F5B00C28906 /* LocalNotfication.swift in Sources */ = {isa = PBXBuildFile; fileRef = E7EAFF9F289F8F5B00C28906 /* LocalNotfication.swift */; };
		E7EAFFAE289F8F5B00C28906 /* Base.swift in Sources */ = {isa = PBXBuildFile; fileRef = E7EAFFA0289F8F5B00C28906 /* Base.swift */; };
		E7EAFFAF289F8F5B00C28906 /* Adding.swift in Sources */ = {isa = PBXBuildFile; fileRef = E7EAFFA2289F8F5B00C28906 /* Adding.swift */; };
		E7EAFFB0289F8F5B00C28906 /* Settings.swift in Sources */ = {isa = PBXBuildFile; fileRef = E7EAFFA3289F8F5B00C28906 /* Settings.swift */; platformFilter = ios; };
		E7EAFFB1289F8F5B00C28906 /* ContentView.swift in Sources */ = {isa = PBXBuildFile; fileRef = E7EAFFA4289F8F5B00C28906 /* ContentView.swift */; platformFilter = ios; };
		E7EAFFB2289F8F5B00C28906 /* Assets.xcassets in Resources */ = {isa = PBXBuildFile; fileRef = E7EAFFA5289F8F5B00C28906 /* Assets.xcassets */; };
		E7EAFFB3289F8F5B00C28906 /* ReadMe.swift in Sources */ = {isa = PBXBuildFile; fileRef = E7EAFFA6289F8F5B00C28906 /* ReadMe.swift */; };
		E7EAFFB4289F8F5B00C28906 /* Persistence extension.swift in Sources */ = {isa = PBXBuildFile; fileRef = E7EAFFA8289F8F5B00C28906 /* Persistence extension.swift */; };
		E7EAFFB6289F8F5B00C28906 /* Task core data.swift in Sources */ = {isa = PBXBuildFile; fileRef = E7EAFFAA289F8F5B00C28906 /* Task core data.swift */; };
		E7EB482028D4F82E000FB1B2 /* Localizable.strings..strings in Resources */ = {isa = PBXBuildFile; fileRef = E7EB481E28D4F82E000FB1B2 /* Localizable.strings..strings */; };
		E7EB482228D4F877000FB1B2 /* AddCustomIntent.swift in Sources */ = {isa = PBXBuildFile; fileRef = E7A0CFA928D4F5D800EE60E4 /* AddCustomIntent.swift */; };
/* End PBXBuildFile section */

/* Begin PBXContainerItemProxy section */
		E7436E2328DE331000E96EF5 /* PBXContainerItemProxy */ = {
			isa = PBXContainerItemProxy;
			containerPortal = E7EAFF7E289F8DE900C28906 /* Project object */;
			proxyType = 1;
			remoteGlobalIDString = E7436E1928DE330E00E96EF5;
			remoteInfo = WidjetsForWatchExtension;
		};
		E7A0CFA128D4F3C000EE60E4 /* PBXContainerItemProxy */ = {
			isa = PBXContainerItemProxy;
			containerPortal = E7EAFF7E289F8DE900C28906 /* Project object */;
			proxyType = 1;
			remoteGlobalIDString = E735FDFC28A2538E00FCE2E6;
			remoteInfo = "RopesForWatch Watch App";
		};
		E7B740E428A6AEEA008048CF /* PBXContainerItemProxy */ = {
			isa = PBXContainerItemProxy;
			containerPortal = E7EAFF7E289F8DE900C28906 /* Project object */;
			proxyType = 1;
			remoteGlobalIDString = E7B740D728A6AEE9008048CF;
			remoteInfo = WidjetsExtension;
		};
/* End PBXContainerItemProxy section */

/* Begin PBXCopyFilesBuildPhase section */
		E7436E2628DE331000E96EF5 /* Embed Foundation Extensions */ = {
			isa = PBXCopyFilesBuildPhase;
			buildActionMask = 2147483647;
			dstPath = "";
			dstSubfolderSpec = 13;
			files = (
				E7436E2528DE331000E96EF5 /* WidjetsForWatchExtension.appex in Embed Foundation Extensions */,
			);
			name = "Embed Foundation Extensions";
			runOnlyForDeploymentPostprocessing = 0;
		};
		E7A0CFA328D4F3C000EE60E4 /* Embed Watch Content */ = {
			isa = PBXCopyFilesBuildPhase;
			buildActionMask = 2147483647;
			dstPath = "$(CONTENTS_FOLDER_PATH)/Watch";
			dstSubfolderSpec = 16;
			files = (
				E7A0CFA028D4F3C000EE60E4 /* Ropes.app in Embed Watch Content */,
			);
			name = "Embed Watch Content";
			runOnlyForDeploymentPostprocessing = 0;
		};
		E7B740E728A6AEEA008048CF /* Embed Foundation Extensions */ = {
			isa = PBXCopyFilesBuildPhase;
			buildActionMask = 2147483647;
			dstPath = "";
			dstSubfolderSpec = 13;
			files = (
				E7B740E628A6AEEA008048CF /* WidjetsExtension.appex in Embed Foundation Extensions */,
			);
			name = "Embed Foundation Extensions";
			runOnlyForDeploymentPostprocessing = 0;
		};
/* End PBXCopyFilesBuildPhase section */

/* Begin PBXFileReference section */
		E700950128D7A5990024496C /* RopesForWatch Watch App.entitlements */ = {isa = PBXFileReference; lastKnownFileType = text.plist.entitlements; path = "RopesForWatch Watch App.entitlements"; sourceTree = "<group>"; };
		E701DA7C28A6799B0043BA2A /* WatchConnectivity.swift */ = {isa = PBXFileReference; lastKnownFileType = sourcecode.swift; path = WatchConnectivity.swift; sourceTree = "<group>"; };
		E72CCCAD28DCC2860062231E /* RopesForWatch-Watch-App-Info.plist */ = {isa = PBXFileReference; lastKnownFileType = text.plist; path = "RopesForWatch-Watch-App-Info.plist"; sourceTree = SOURCE_ROOT; };
		E735FDFD28A2538E00FCE2E6 /* Ropes.app */ = {isa = PBXFileReference; explicitFileType = wrapper.application; includeInIndex = 0; path = Ropes.app; sourceTree = BUILT_PRODUCTS_DIR; };
		E74210D128DCF4FA00AF9A70 /* ru */ = {isa = PBXFileReference; lastKnownFileType = text.plist.strings; name = ru; path = ru.lproj/Localizable.strings..strings; sourceTree = "<group>"; };
		E74210D628DCF61500AF9A70 /* en */ = {isa = PBXFileReference; lastKnownFileType = text.plist.strings; name = en; path = en.lproj/Localizable.strings; sourceTree = "<group>"; };
		E7436E1A28DE330E00E96EF5 /* WidjetsForWatchExtension.appex */ = {isa = PBXFileReference; explicitFileType = "wrapper.app-extension"; includeInIndex = 0; path = WidjetsForWatchExtension.appex; sourceTree = BUILT_PRODUCTS_DIR; };
		E7436E1E28DE330E00E96EF5 /* WidjetsForWatch.swift */ = {isa = PBXFileReference; lastKnownFileType = sourcecode.swift; path = WidjetsForWatch.swift; sourceTree = "<group>"; };
		E7436E2028DE331000E96EF5 /* Assets.xcassets */ = {isa = PBXFileReference; lastKnownFileType = folder.assetcatalog; path = Assets.xcassets; sourceTree = "<group>"; };
		E7436E2228DE331000E96EF5 /* Info.plist */ = {isa = PBXFileReference; lastKnownFileType = text.plist.xml; path = Info.plist; sourceTree = "<group>"; };
		E745025728B8AE38005FB11A /* en */ = {isa = PBXFileReference; lastKnownFileType = text.plist.strings; name = en; path = en.lproj/Localizable.strings; sourceTree = "<group>"; };
		E745025928B8AE3C005FB11A /* ru */ = {isa = PBXFileReference; lastKnownFileType = text.plist.strings; name = ru; path = ru.lproj/Localizable.strings; sourceTree = "<group>"; };
		E745025E28B8AE59005FB11A /* ru */ = {isa = PBXFileReference; lastKnownFileType = text.plist.strings; name = ru; path = ru.lproj/InfoPlist.strings; sourceTree = "<group>"; };
		E745026428B8AE59005FB11A /* ru */ = {isa = PBXFileReference; lastKnownFileType = text.plist.strings; name = ru; path = "ru.lproj/RopesForWatch Watch App-InfoPlist.strings"; sourceTree = "<group>"; };
		E745026728B8AE59005FB11A /* ru */ = {isa = PBXFileReference; lastKnownFileType = text.plist.strings; name = ru; path = ru.lproj/Localizable.strings; sourceTree = "<group>"; };
		E748235528A2619C008E5087 /* Adding.swift */ = {isa = PBXFileReference; lastKnownFileType = sourcecode.swift; path = Adding.swift; sourceTree = "<group>"; };
		E758525828D754F500CFF90C /* ru */ = {isa = PBXFileReference; lastKnownFileType = text.plist.strings; name = ru; path = ru.lproj/AppShortcuts.strings; sourceTree = "<group>"; };
		E776272328D5E80B004D5262 /* AppEntity.swift */ = {isa = PBXFileReference; lastKnownFileType = sourcecode.swift; path = AppEntity.swift; sourceTree = "<group>"; };
		E776272628D5EEFB004D5262 /* DeleteIntent.swift */ = {isa = PBXFileReference; lastKnownFileType = sourcecode.swift; path = DeleteIntent.swift; sourceTree = "<group>"; };
		E7764A4628B36AAF0022E8C3 /* AddIntent.swift */ = {isa = PBXFileReference; lastKnownFileType = sourcecode.swift; path = AddIntent.swift; sourceTree = "<group>"; };
		E77814D528A4DBE60073FFEF /* StackNavigationView.swift */ = {isa = PBXFileReference; lastKnownFileType = sourcecode.swift; path = StackNavigationView.swift; sourceTree = "<group>"; };
		E77814D928A4E62A0073FFEF /* ContentViewForMAC.swift */ = {isa = PBXFileReference; lastKnownFileType = sourcecode.swift; path = ContentViewForMAC.swift; sourceTree = "<group>"; };
		E77814DB28A4E7D60073FFEF /* SettingsForMac.swift */ = {isa = PBXFileReference; lastKnownFileType = sourcecode.swift; path = SettingsForMac.swift; sourceTree = "<group>"; };
		E77814DD28A4F4040073FFEF /* Info.plist */ = {isa = PBXFileReference; lastKnownFileType = text.plist.xml; path = Info.plist; sourceTree = "<group>"; };
		E77DBC4228B619DF0076C393 /* CatchTasks.swift */ = {isa = PBXFileReference; lastKnownFileType = sourcecode.swift; path = CatchTasks.swift; sourceTree = "<group>"; };
		E7A0CF9A28D4F2DE00EE60E4 /* advice_menu.swift */ = {isa = PBXFileReference; fileEncoding = 4; lastKnownFileType = sourcecode.swift; path = advice_menu.swift; sourceTree = "<group>"; };
		E7A0CF9B28D4F2DE00EE60E4 /* advices.swift */ = {isa = PBXFileReference; fileEncoding = 4; lastKnownFileType = sourcecode.swift; path = advices.swift; sourceTree = "<group>"; };
		E7A0CF9C28D4F2DE00EE60E4 /* Shortcuts_advice.swift */ = {isa = PBXFileReference; fileEncoding = 4; lastKnownFileType = sourcecode.swift; path = Shortcuts_advice.swift; sourceTree = "<group>"; };
		E7A0CFA728D4F5D800EE60E4 /* AllIntents.swift */ = {isa = PBXFileReference; fileEncoding = 4; lastKnownFileType = sourcecode.swift; path = AllIntents.swift; sourceTree = "<group>"; };
		E7A0CFA928D4F5D800EE60E4 /* AddCustomIntent.swift */ = {isa = PBXFileReference; fileEncoding = 4; lastKnownFileType = sourcecode.swift; path = AddCustomIntent.swift; sourceTree = "<group>"; };
		E7B740D828A6AEE9008048CF /* WidjetsExtension.appex */ = {isa = PBXFileReference; explicitFileType = "wrapper.app-extension"; includeInIndex = 0; path = WidjetsExtension.appex; sourceTree = BUILT_PRODUCTS_DIR; };
		E7B740DA28A6AEE9008048CF /* WidgetKit.framework */ = {isa = PBXFileReference; lastKnownFileType = wrapper.framework; name = WidgetKit.framework; path = System/Library/Frameworks/WidgetKit.framework; sourceTree = SDKROOT; };
		E7B740DC28A6AEE9008048CF /* SwiftUI.framework */ = {isa = PBXFileReference; lastKnownFileType = wrapper.framework; name = SwiftUI.framework; path = System/Library/Frameworks/SwiftUI.framework; sourceTree = SDKROOT; };
		E7B740DF28A6AEE9008048CF /* RopesWidjet.swift */ = {isa = PBXFileReference; lastKnownFileType = sourcecode.swift; path = RopesWidjet.swift; sourceTree = "<group>"; };
		E7B740E128A6AEEA008048CF /* Assets.xcassets */ = {isa = PBXFileReference; lastKnownFileType = folder.assetcatalog; path = Assets.xcassets; sourceTree = "<group>"; };
		E7B740E328A6AEEA008048CF /* Info.plist */ = {isa = PBXFileReference; lastKnownFileType = text.plist.xml; path = Info.plist; sourceTree = "<group>"; };
		E7DDC1CD28DCCC9100D902AA /* WidjetsExtension.entitlements */ = {isa = PBXFileReference; lastKnownFileType = text.plist.entitlements; path = WidjetsExtension.entitlements; sourceTree = "<group>"; };
		E7EAFF86289F8DE900C28906 /* Ropes.app */ = {isa = PBXFileReference; explicitFileType = wrapper.application; includeInIndex = 0; path = Ropes.app; sourceTree = BUILT_PRODUCTS_DIR; };
		E7EAFF89289F8DE900C28906 /* RopesApp.swift */ = {isa = PBXFileReference; lastKnownFileType = sourcecode.swift; path = RopesApp.swift; sourceTree = "<group>"; };
		E7EAFF8B289F8DE900C28906 /* Persistence.swift */ = {isa = PBXFileReference; lastKnownFileType = sourcecode.swift; path = Persistence.swift; sourceTree = "<group>"; };
		E7EAFF8E289F8DE900C28906 /* Ropes.xcdatamodel */ = {isa = PBXFileReference; lastKnownFileType = wrapper.xcdatamodel; path = Ropes.xcdatamodel; sourceTree = "<group>"; };
		E7EAFF92289F8DEA00C28906 /* Assets.xcassets */ = {isa = PBXFileReference; lastKnownFileType = folder.assetcatalog; path = Assets.xcassets; sourceTree = "<group>"; };
		E7EAFF94289F8DEA00C28906 /* Ropes.entitlements */ = {isa = PBXFileReference; lastKnownFileType = text.plist.entitlements; path = Ropes.entitlements; sourceTree = "<group>"; };
		E7EAFF96289F8DEA00C28906 /* Preview Assets.xcassets */ = {isa = PBXFileReference; lastKnownFileType = folder.assetcatalog; path = "Preview Assets.xcassets"; sourceTree = "<group>"; };
		E7EAFF9E289F8F5B00C28906 /* Data.swift */ = {isa = PBXFileReference; fileEncoding = 4; lastKnownFileType = sourcecode.swift; path = Data.swift; sourceTree = "<group>"; };
		E7EAFF9F289F8F5B00C28906 /* LocalNotfication.swift */ = {isa = PBXFileReference; fileEncoding = 4; lastKnownFileType = sourcecode.swift; path = LocalNotfication.swift; sourceTree = "<group>"; };
		E7EAFFA0289F8F5B00C28906 /* Base.swift */ = {isa = PBXFileReference; fileEncoding = 4; lastKnownFileType = sourcecode.swift; path = Base.swift; sourceTree = "<group>"; };
		E7EAFFA2289F8F5B00C28906 /* Adding.swift */ = {isa = PBXFileReference; fileEncoding = 4; lastKnownFileType = sourcecode.swift; path = Adding.swift; sourceTree = "<group>"; };
		E7EAFFA3289F8F5B00C28906 /* Settings.swift */ = {isa = PBXFileReference; fileEncoding = 4; lastKnownFileType = sourcecode.swift; path = Settings.swift; sourceTree = "<group>"; };
		E7EAFFA4289F8F5B00C28906 /* ContentView.swift */ = {isa = PBXFileReference; fileEncoding = 4; lastKnownFileType = sourcecode.swift; path = ContentView.swift; sourceTree = "<group>"; };
		E7EAFFA5289F8F5B00C28906 /* Assets.xcassets */ = {isa = PBXFileReference; lastKnownFileType = folder.assetcatalog; name = Assets.xcassets; path = "../../../Library/Mobile Documents/iCloud~com~apple~Playgrounds/Documents/Ropes release.swiftpm/Assets.xcassets"; sourceTree = "<group>"; };
		E7EAFFA6289F8F5B00C28906 /* ReadMe.swift */ = {isa = PBXFileReference; fileEncoding = 4; lastKnownFileType = sourcecode.swift; path = ReadMe.swift; sourceTree = "<group>"; };
		E7EAFFA8289F8F5B00C28906 /* Persistence extension.swift */ = {isa = PBXFileReference; fileEncoding = 4; lastKnownFileType = sourcecode.swift; path = "Persistence extension.swift"; sourceTree = "<group>"; };
		E7EAFFAA289F8F5B00C28906 /* Task core data.swift */ = {isa = PBXFileReference; fileEncoding = 4; lastKnownFileType = sourcecode.swift; path = "Task core data.swift"; sourceTree = "<group>"; };
		E7EB481F28D4F82E000FB1B2 /* ru */ = {isa = PBXFileReference; lastKnownFileType = text.plist.strings; name = ru; path = ru.lproj/Localizable.strings..strings; sourceTree = "<group>"; };
/* End PBXFileReference section */

/* Begin PBXFrameworksBuildPhase section */
		E735FDFA28A2538E00FCE2E6 /* Frameworks */ = {
			isa = PBXFrameworksBuildPhase;
			buildActionMask = 2147483647;
			files = (
			);
			runOnlyForDeploymentPostprocessing = 0;
		};
		E7436E1728DE330E00E96EF5 /* Frameworks */ = {
			isa = PBXFrameworksBuildPhase;
			buildActionMask = 2147483647;
			files = (
				E7436E1C28DE330E00E96EF5 /* SwiftUI.framework in Frameworks */,
				E7436E1B28DE330E00E96EF5 /* WidgetKit.framework in Frameworks */,
			);
			runOnlyForDeploymentPostprocessing = 0;
		};
		E7B740D528A6AEE9008048CF /* Frameworks */ = {
			isa = PBXFrameworksBuildPhase;
			buildActionMask = 2147483647;
			files = (
				E7B740DD28A6AEE9008048CF /* SwiftUI.framework in Frameworks */,
				E7B740DB28A6AEE9008048CF /* WidgetKit.framework in Frameworks */,
			);
			runOnlyForDeploymentPostprocessing = 0;
		};
		E7EAFF83289F8DE900C28906 /* Frameworks */ = {
			isa = PBXFrameworksBuildPhase;
			buildActionMask = 2147483647;
			files = (
			);
			runOnlyForDeploymentPostprocessing = 0;
		};
/* End PBXFrameworksBuildPhase section */

/* Begin PBXGroup section */
		E701DA7B28A679740043BA2A /* Mac menus */ = {
			isa = PBXGroup;
			children = (
				E77814D928A4E62A0073FFEF /* ContentViewForMAC.swift */,
				E77814DB28A4E7D60073FFEF /* SettingsForMac.swift */,
			);
			path = "Mac menus";
			sourceTree = "<group>";
		};
		E735FDFE28A2538E00FCE2E6 /* RopesForWatch Watch App */ = {
			isa = PBXGroup;
			children = (
				E72CCCAD28DCC2860062231E /* RopesForWatch-Watch-App-Info.plist */,
				E74210D028DCF4FA00AF9A70 /* Localizable.strings..strings */,
				E700950128D7A5990024496C /* RopesForWatch Watch App.entitlements */,
				E735FE0528A2538F00FCE2E6 /* Preview Content */,
				E748235528A2619C008E5087 /* Adding.swift */,
				E701DA7C28A6799B0043BA2A /* WatchConnectivity.swift */,
			);
			path = "RopesForWatch Watch App";
			sourceTree = "<group>";
		};
		E735FE0528A2538F00FCE2E6 /* Preview Content */ = {
			isa = PBXGroup;
			children = (
			);
			path = "Preview Content";
			sourceTree = "<group>";
		};
		E7436E1D28DE330E00E96EF5 /* WidjetsForWatch */ = {
			isa = PBXGroup;
			children = (
				E7436E1E28DE330E00E96EF5 /* WidjetsForWatch.swift */,
				E7436E2028DE331000E96EF5 /* Assets.xcassets */,
				E7436E2228DE331000E96EF5 /* Info.plist */,
			);
			path = WidjetsForWatch;
			sourceTree = "<group>";
		};
		E7764A3D28B35FA60022E8C3 /* shared */ = {
			isa = PBXGroup;
			children = (
				E7764A4528B36A7F0022E8C3 /* App intents */,
				E7EAFFA7289F8F5B00C28906 /* Core data */,
				E7EAFF9D289F8F5B00C28906 /* Data */,
			);
			path = shared;
			sourceTree = "<group>";
		};
		E7764A4528B36A7F0022E8C3 /* App intents */ = {
			isa = PBXGroup;
			children = (
				E7A0CFA928D4F5D800EE60E4 /* AddCustomIntent.swift */,
				E7A0CFA728D4F5D800EE60E4 /* AllIntents.swift */,
				E7764A4628B36AAF0022E8C3 /* AddIntent.swift */,
				E77DBC4228B619DF0076C393 /* CatchTasks.swift */,
				E776272328D5E80B004D5262 /* AppEntity.swift */,
				E776272628D5EEFB004D5262 /* DeleteIntent.swift */,
			);
			path = "App intents";
			sourceTree = "<group>";
		};
		E7B740D928A6AEE9008048CF /* Frameworks */ = {
			isa = PBXGroup;
			children = (
				E7B740DA28A6AEE9008048CF /* WidgetKit.framework */,
				E7B740DC28A6AEE9008048CF /* SwiftUI.framework */,
			);
			name = Frameworks;
			sourceTree = "<group>";
		};
		E7B740DE28A6AEE9008048CF /* Widjets */ = {
			isa = PBXGroup;
			children = (
				E7B740DF28A6AEE9008048CF /* RopesWidjet.swift */,
				E7B740E128A6AEEA008048CF /* Assets.xcassets */,
				E7B740E328A6AEEA008048CF /* Info.plist */,
				E745026628B8AE59005FB11A /* Localizable.strings */,
			);
			path = Widjets;
			sourceTree = "<group>";
		};
		E7EAFF7D289F8DE900C28906 = {
			isa = PBXGroup;
			children = (
				E7DDC1CD28DCCC9100D902AA /* WidjetsExtension.entitlements */,
				E745026328B8AE59005FB11A /* RopesForWatch Watch App-InfoPlist.strings */,
				E758525728D754F500CFF90C /* AppShortcuts.strings */,
				E745025828B8AE38005FB11A /* Localizable.strings */,
				E7EAFF88289F8DE900C28906 /* Ropes */,
				E735FDFE28A2538E00FCE2E6 /* RopesForWatch Watch App */,
				E7B740DE28A6AEE9008048CF /* Widjets */,
				E7436E1D28DE330E00E96EF5 /* WidjetsForWatch */,
				E7B740D928A6AEE9008048CF /* Frameworks */,
				E7EAFF87289F8DE900C28906 /* Products */,
			);
			sourceTree = "<group>";
		};
		E7EAFF87289F8DE900C28906 /* Products */ = {
			isa = PBXGroup;
			children = (
				E7EAFF86289F8DE900C28906 /* Ropes.app */,
				E735FDFD28A2538E00FCE2E6 /* Ropes.app */,
				E7B740D828A6AEE9008048CF /* WidjetsExtension.appex */,
				E7436E1A28DE330E00E96EF5 /* WidjetsForWatchExtension.appex */,
			);
			name = Products;
			sourceTree = "<group>";
		};
		E7EAFF88289F8DE900C28906 /* Ropes */ = {
			isa = PBXGroup;
			children = (
				E77814DD28A4F4040073FFEF /* Info.plist */,
				E7EB481E28D4F82E000FB1B2 /* Localizable.strings..strings */,
				E745025D28B8AE59005FB11A /* InfoPlist.strings */,
				E7EAFFA5289F8F5B00C28906 /* Assets.xcassets */,
				E7764A3D28B35FA60022E8C3 /* shared */,
				E7EAFFA1289F8F5B00C28906 /* Menus */,
				E7EAFFA6289F8F5B00C28906 /* ReadMe.swift */,
				E7EAFF89289F8DE900C28906 /* RopesApp.swift */,
				E7EAFF92289F8DEA00C28906 /* Assets.xcassets */,
				E7EAFF94289F8DEA00C28906 /* Ropes.entitlements */,
				E7EAFF95289F8DEA00C28906 /* Preview Content */,
				E77814D528A4DBE60073FFEF /* StackNavigationView.swift */,
			);
			path = Ropes;
			sourceTree = "<group>";
		};
		E7EAFF95289F8DEA00C28906 /* Preview Content */ = {
			isa = PBXGroup;
			children = (
				E7EAFF96289F8DEA00C28906 /* Preview Assets.xcassets */,
			);
			path = "Preview Content";
			sourceTree = "<group>";
		};
		E7EAFF9D289F8F5B00C28906 /* Data */ = {
			isa = PBXGroup;
			children = (
				E7EAFF9E289F8F5B00C28906 /* Data.swift */,
				E7EAFF9F289F8F5B00C28906 /* LocalNotfication.swift */,
				E7EAFFA0289F8F5B00C28906 /* Base.swift */,
			);
			path = Data;
			sourceTree = "<group>";
		};
		E7EAFFA1289F8F5B00C28906 /* Menus */ = {
			isa = PBXGroup;
			children = (
				E701DA7B28A679740043BA2A /* Mac menus */,
				E7EAFFA2289F8F5B00C28906 /* Adding.swift */,
				E7EAFFA3289F8F5B00C28906 /* Settings.swift */,
				E7EAFFA4289F8F5B00C28906 /* ContentView.swift */,
				E7EB482328D4F95E000FB1B2 /* Advices */,
			);
			path = Menus;
			sourceTree = "<group>";
		};
		E7EAFFA7289F8F5B00C28906 /* Core data */ = {
			isa = PBXGroup;
			children = (
				E7EAFF8D289F8DE900C28906 /* Ropes.xcdatamodeld */,
				E7EAFFA8289F8F5B00C28906 /* Persistence extension.swift */,
				E7EAFF8B289F8DE900C28906 /* Persistence.swift */,
				E7EAFFAA289F8F5B00C28906 /* Task core data.swift */,
			);
			path = "Core data";
			sourceTree = "<group>";
		};
		E7EB482328D4F95E000FB1B2 /* Advices */ = {
			isa = PBXGroup;
			children = (
				E7A0CF9C28D4F2DE00EE60E4 /* Shortcuts_advice.swift */,
				E7A0CF9B28D4F2DE00EE60E4 /* advices.swift */,
				E7A0CF9A28D4F2DE00EE60E4 /* advice_menu.swift */,
			);
			path = Advices;
			sourceTree = "<group>";
		};
/* End PBXGroup section */

/* Begin PBXNativeTarget section */
		E735FDFC28A2538E00FCE2E6 /* RopesForWatch Watch App */ = {
			isa = PBXNativeTarget;
			buildConfigurationList = E735FE0A28A2538F00FCE2E6 /* Build configuration list for PBXNativeTarget "RopesForWatch Watch App" */;
			buildPhases = (
				E735FDF928A2538E00FCE2E6 /* Sources */,
				E735FDFA28A2538E00FCE2E6 /* Frameworks */,
				E735FDFB28A2538E00FCE2E6 /* Resources */,
				E7436E2628DE331000E96EF5 /* Embed Foundation Extensions */,
			);
			buildRules = (
			);
			dependencies = (
				E7436E2428DE331000E96EF5 /* PBXTargetDependency */,
			);
			name = "RopesForWatch Watch App";
			productName = "RopesForWatch Watch App";
			productReference = E735FDFD28A2538E00FCE2E6 /* Ropes.app */;
			productType = "com.apple.product-type.application";
		};
		E7436E1928DE330E00E96EF5 /* WidjetsForWatchExtension */ = {
			isa = PBXNativeTarget;
			buildConfigurationList = E7436E2928DE331000E96EF5 /* Build configuration list for PBXNativeTarget "WidjetsForWatchExtension" */;
			buildPhases = (
				E7436E1628DE330E00E96EF5 /* Sources */,
				E7436E1728DE330E00E96EF5 /* Frameworks */,
				E7436E1828DE330E00E96EF5 /* Resources */,
			);
			buildRules = (
			);
			dependencies = (
			);
			name = WidjetsForWatchExtension;
			productName = WidjetsForWatchExtension;
			productReference = E7436E1A28DE330E00E96EF5 /* WidjetsForWatchExtension.appex */;
			productType = "com.apple.product-type.app-extension";
		};
		E7B740D728A6AEE9008048CF /* WidjetsExtension */ = {
			isa = PBXNativeTarget;
			buildConfigurationList = E7B740EA28A6AEEA008048CF /* Build configuration list for PBXNativeTarget "WidjetsExtension" */;
			buildPhases = (
				E7B740D428A6AEE9008048CF /* Sources */,
				E7B740D528A6AEE9008048CF /* Frameworks */,
				E7B740D628A6AEE9008048CF /* Resources */,
			);
			buildRules = (
			);
			dependencies = (
			);
			name = WidjetsExtension;
			productName = WidjetsExtension;
			productReference = E7B740D828A6AEE9008048CF /* WidjetsExtension.appex */;
			productType = "com.apple.product-type.app-extension";
		};
		E7EAFF85289F8DE900C28906 /* Ropes */ = {
			isa = PBXNativeTarget;
			buildConfigurationList = E7EAFF9A289F8DEA00C28906 /* Build configuration list for PBXNativeTarget "Ropes" */;
			buildPhases = (
				E7EAFF82289F8DE900C28906 /* Sources */,
				E7EAFF83289F8DE900C28906 /* Frameworks */,
				E7EAFF84289F8DE900C28906 /* Resources */,
				E7B740E728A6AEEA008048CF /* Embed Foundation Extensions */,
				E7A0CFA328D4F3C000EE60E4 /* Embed Watch Content */,
			);
			buildRules = (
			);
			dependencies = (
				E7B740E528A6AEEA008048CF /* PBXTargetDependency */,
				E7A0CFA228D4F3C000EE60E4 /* PBXTargetDependency */,
			);
			name = Ropes;
			productName = Ropes;
			productReference = E7EAFF86289F8DE900C28906 /* Ropes.app */;
			productType = "com.apple.product-type.application";
		};
/* End PBXNativeTarget section */

/* Begin PBXProject section */
		E7EAFF7E289F8DE900C28906 /* Project object */ = {
			isa = PBXProject;
			attributes = {
				BuildIndependentTargetsInParallel = 1;
				LastSwiftUpdateCheck = 1410;
				LastUpgradeCheck = 1400;
				TargetAttributes = {
					E735FDFC28A2538E00FCE2E6 = {
						CreatedOnToolsVersion = 14.0;
					};
					E7436E1928DE330E00E96EF5 = {
						CreatedOnToolsVersion = 14.1;
					};
					E7B740D728A6AEE9008048CF = {
						CreatedOnToolsVersion = 14.0;
					};
					E7EAFF85289F8DE900C28906 = {
						CreatedOnToolsVersion = 14.0;
					};
				};
			};
			buildConfigurationList = E7EAFF81289F8DE900C28906 /* Build configuration list for PBXProject "Ropes" */;
			compatibilityVersion = "Xcode 14.0";
			developmentRegion = en;
			hasScannedForEncodings = 0;
			knownRegions = (
				en,
				Base,
				ru,
			);
			mainGroup = E7EAFF7D289F8DE900C28906;
			productRefGroup = E7EAFF87289F8DE900C28906 /* Products */;
			projectDirPath = "";
			projectRoot = "";
			targets = (
				E7EAFF85289F8DE900C28906 /* Ropes */,
				E735FDFC28A2538E00FCE2E6 /* RopesForWatch Watch App */,
				E7B740D728A6AEE9008048CF /* WidjetsExtension */,
				E7436E1928DE330E00E96EF5 /* WidjetsForWatchExtension */,
			);
		};
/* End PBXProject section */

/* Begin PBXResourcesBuildPhase section */
		E735FDFB28A2538E00FCE2E6 /* Resources */ = {
			isa = PBXResourcesBuildPhase;
			buildActionMask = 2147483647;
			files = (
				E74210D228DCF4FA00AF9A70 /* Localizable.strings..strings in Resources */,
				E745026528B8AE59005FB11A /* RopesForWatch Watch App-InfoPlist.strings in Resources */,
				E7A0CFA428D4F3F800EE60E4 /* Assets.xcassets in Resources */,
				E745025628B8AE38005FB11A /* Localizable.strings in Resources */,
			);
			runOnlyForDeploymentPostprocessing = 0;
		};
		E7436E1828DE330E00E96EF5 /* Resources */ = {
			isa = PBXResourcesBuildPhase;
			buildActionMask = 2147483647;
			files = (
				E7436E2128DE331000E96EF5 /* Assets.xcassets in Resources */,
			);
			runOnlyForDeploymentPostprocessing = 0;
		};
		E7B740D628A6AEE9008048CF /* Resources */ = {
			isa = PBXResourcesBuildPhase;
			buildActionMask = 2147483647;
			files = (
				E7B740E228A6AEEA008048CF /* Assets.xcassets in Resources */,
				E745026828B8AE59005FB11A /* Localizable.strings in Resources */,
			);
			runOnlyForDeploymentPostprocessing = 0;
		};
		E7EAFF84289F8DE900C28906 /* Resources */ = {
			isa = PBXResourcesBuildPhase;
			buildActionMask = 2147483647;
			files = (
				E7EAFF97289F8DEA00C28906 /* Preview Assets.xcassets in Resources */,
				E745025F28B8AE59005FB11A /* InfoPlist.strings in Resources */,
				E7EB482028D4F82E000FB1B2 /* Localizable.strings..strings in Resources */,
				E758525928D754F500CFF90C /* AppShortcuts.strings in Resources */,
				E745025528B8AE38005FB11A /* Localizable.strings in Resources */,
				E7EAFFB2289F8F5B00C28906 /* Assets.xcassets in Resources */,
				E7EAFF93289F8DEA00C28906 /* Assets.xcassets in Resources */,
			);
			runOnlyForDeploymentPostprocessing = 0;
		};
/* End PBXResourcesBuildPhase section */

/* Begin PBXSourcesBuildPhase section */
		E735FDF928A2538E00FCE2E6 /* Sources */ = {
			isa = PBXSourcesBuildPhase;
			buildActionMask = 2147483647;
			files = (
				E776272828D5EEFB004D5262 /* DeleteIntent.swift in Sources */,
				E701DA7D28A6799B0043BA2A /* WatchConnectivity.swift in Sources */,
				E735FE1628A2589200FCE2E6 /* Persistence.swift in Sources */,
				E735FE1528A2589200FCE2E6 /* Persistence extension.swift in Sources */,
				E735FE1C28A259EC00FCE2E6 /* ContentView.swift in Sources */,
				E71A024628B663DE000176CA /* CatchTasks.swift in Sources */,
				E735FE0D28A2577800FCE2E6 /* RopesApp.swift in Sources */,
				E7EB482228D4F877000FB1B2 /* AddCustomIntent.swift in Sources */,
				E735FE1828A258A500FCE2E6 /* LocalNotfication.swift in Sources */,
				E748235628A2619C008E5087 /* Adding.swift in Sources */,
				E735FE1928A258A500FCE2E6 /* Base.swift in Sources */,
				E780B69428A25B4E001DA39A /* Ropes.xcdatamodeld in Sources */,
				E7764A4828B36AAF0022E8C3 /* AddIntent.swift in Sources */,
				E735FE1728A2589200FCE2E6 /* Task core data.swift in Sources */,
				E735FE1A28A258A500FCE2E6 /* Data.swift in Sources */,
				E776272528D5E80B004D5262 /* AppEntity.swift in Sources */,
			);
			runOnlyForDeploymentPostprocessing = 0;
		};
		E7436E1628DE330E00E96EF5 /* Sources */ = {
			isa = PBXSourcesBuildPhase;
			buildActionMask = 2147483647;
			files = (
				E7436E2A28DE333600E96EF5 /* RopesWidjet.swift in Sources */,
				E7436E2F28DE336F00E96EF5 /* Data.swift in Sources */,
				E7436E3128DE336F00E96EF5 /* LocalNotfication.swift in Sources */,
				E7436E3228DE339200E96EF5 /* WatchConnectivity.swift in Sources */,
				E7436E2D28DE336B00E96EF5 /* Task core data.swift in Sources */,
				E7436E2C28DE336800E96EF5 /* Persistence extension.swift in Sources */,
				E7436E2B28DE336500E96EF5 /* Ropes.xcdatamodeld in Sources */,
				E7436E3028DE336F00E96EF5 /* Base.swift in Sources */,
				E7436E2E28DE336B00E96EF5 /* Persistence.swift in Sources */,
			);
			runOnlyForDeploymentPostprocessing = 0;
		};
		E7B740D428A6AEE9008048CF /* Sources */ = {
			isa = PBXSourcesBuildPhase;
			buildActionMask = 2147483647;
			files = (
				E7764A4428B360FB0022E8C3 /* WatchConnectivity.swift in Sources */,
				E7764A4328B360250022E8C3 /* Data.swift in Sources */,
				E7DDC1D428DCD64000D902AA /* CatchTasks.swift in Sources */,
				E7764A4228B360250022E8C3 /* Base.swift in Sources */,
				E7764A3F28B360210022E8C3 /* Task core data.swift in Sources */,
				E7DDC1D128DCD64000D902AA /* AddIntent.swift in Sources */,
				E7764A4028B360210022E8C3 /* Persistence.swift in Sources */,
				E7DDC1CE28DCD58600D902AA /* Ropes.xcdatamodeld in Sources */,
				E7DDC1D328DCD64000D902AA /* DeleteIntent.swift in Sources */,
				E7764A4128B360250022E8C3 /* LocalNotfication.swift in Sources */,
				E7764A3E28B360210022E8C3 /* Persistence extension.swift in Sources */,
				E7DDC1CF28DCD64000D902AA /* AddCustomIntent.swift in Sources */,
				E7B740E028A6AEE9008048CF /* RopesWidjet.swift in Sources */,
				E7DDC1D228DCD64000D902AA /* AppEntity.swift in Sources */,
			);
			runOnlyForDeploymentPostprocessing = 0;
		};
		E7EAFF82289F8DE900C28906 /* Sources */ = {
			isa = PBXSourcesBuildPhase;
			buildActionMask = 2147483647;
			files = (
				E776272728D5EEFB004D5262 /* DeleteIntent.swift in Sources */,
				E776272428D5E80B004D5262 /* AppEntity.swift in Sources */,
				E7EAFFAF289F8F5B00C28906 /* Adding.swift in Sources */,
				E7A0CF9D28D4F2DE00EE60E4 /* advice_menu.swift in Sources */,
				E7EAFFAE289F8F5B00C28906 /* Base.swift in Sources */,
				E77DBC4328B619DF0076C393 /* CatchTasks.swift in Sources */,
				E77814DA28A4E62A0073FFEF /* ContentViewForMAC.swift in Sources */,
				E7A0CF9F28D4F2DE00EE60E4 /* Shortcuts_advice.swift in Sources */,
				E7EAFFB0289F8F5B00C28906 /* Settings.swift in Sources */,
				E77814D628A4DBE60073FFEF /* StackNavigationView.swift in Sources */,
				E7EAFFB3289F8F5B00C28906 /* ReadMe.swift in Sources */,
				E7EAFF8A289F8DE900C28906 /* RopesApp.swift in Sources */,
				E7EAFF8C289F8DE900C28906 /* Persistence.swift in Sources */,
				E701DA7E28A680F90043BA2A /* WatchConnectivity.swift in Sources */,
				E7EAFFB4289F8F5B00C28906 /* Persistence extension.swift in Sources */,
				E7A0CFAB28D4F5D800EE60E4 /* AllIntents.swift in Sources */,
				E77814DC28A4E7D60073FFEF /* SettingsForMac.swift in Sources */,
				E7EAFFB1289F8F5B00C28906 /* ContentView.swift in Sources */,
				E7EAFFAD289F8F5B00C28906 /* LocalNotfication.swift in Sources */,
				E7EAFFB6289F8F5B00C28906 /* Task core data.swift in Sources */,
				E7A0CFAD28D4F5D800EE60E4 /* AddCustomIntent.swift in Sources */,
				E7764A4728B36AAF0022E8C3 /* AddIntent.swift in Sources */,
				E7EAFF8F289F8DE900C28906 /* Ropes.xcdatamodeld in Sources */,
				E7EAFFAC289F8F5B00C28906 /* Data.swift in Sources */,
				E7A0CF9E28D4F2DE00EE60E4 /* advices.swift in Sources */,
			);
			runOnlyForDeploymentPostprocessing = 0;
		};
/* End PBXSourcesBuildPhase section */

/* Begin PBXTargetDependency section */
		E7436E2428DE331000E96EF5 /* PBXTargetDependency */ = {
			isa = PBXTargetDependency;
			target = E7436E1928DE330E00E96EF5 /* WidjetsForWatchExtension */;
			targetProxy = E7436E2328DE331000E96EF5 /* PBXContainerItemProxy */;
		};
		E7A0CFA228D4F3C000EE60E4 /* PBXTargetDependency */ = {
			isa = PBXTargetDependency;
			platformFilter = ios;
			target = E735FDFC28A2538E00FCE2E6 /* RopesForWatch Watch App */;
			targetProxy = E7A0CFA128D4F3C000EE60E4 /* PBXContainerItemProxy */;
		};
		E7B740E528A6AEEA008048CF /* PBXTargetDependency */ = {
			isa = PBXTargetDependency;
			platformFilter = ios;
			target = E7B740D728A6AEE9008048CF /* WidjetsExtension */;
			targetProxy = E7B740E428A6AEEA008048CF /* PBXContainerItemProxy */;
		};
/* End PBXTargetDependency section */

/* Begin PBXVariantGroup section */
		E74210D028DCF4FA00AF9A70 /* Localizable.strings..strings */ = {
			isa = PBXVariantGroup;
			children = (
				E74210D128DCF4FA00AF9A70 /* ru */,
			);
			name = Localizable.strings..strings;
			path = ..;
			sourceTree = "<group>";
		};
		E745025828B8AE38005FB11A /* Localizable.strings */ = {
			isa = PBXVariantGroup;
			children = (
				E745025728B8AE38005FB11A /* en */,
				E745025928B8AE3C005FB11A /* ru */,
			);
			name = Localizable.strings;
			sourceTree = "<group>";
		};
		E745025D28B8AE59005FB11A /* InfoPlist.strings */ = {
			isa = PBXVariantGroup;
			children = (
				E745025E28B8AE59005FB11A /* ru */,
			);
			name = InfoPlist.strings;
			sourceTree = "<group>";
		};
		E745026328B8AE59005FB11A /* RopesForWatch Watch App-InfoPlist.strings */ = {
			isa = PBXVariantGroup;
			children = (
				E745026428B8AE59005FB11A /* ru */,
			);
			name = "RopesForWatch Watch App-InfoPlist.strings";
			path = "RopesForWatch Watch App";
			sourceTree = "<group>";
		};
		E745026628B8AE59005FB11A /* Localizable.strings */ = {
			isa = PBXVariantGroup;
			children = (
				E745026728B8AE59005FB11A /* ru */,
				E74210D628DCF61500AF9A70 /* en */,
			);
			name = Localizable.strings;
			sourceTree = "<group>";
		};
		E758525728D754F500CFF90C /* AppShortcuts.strings */ = {
			isa = PBXVariantGroup;
			children = (
				E758525828D754F500CFF90C /* ru */,
			);
			name = AppShortcuts.strings;
			sourceTree = "<group>";
		};
		E7EB481E28D4F82E000FB1B2 /* Localizable.strings..strings */ = {
			isa = PBXVariantGroup;
			children = (
				E7EB481F28D4F82E000FB1B2 /* ru */,
			);
			name = Localizable.strings..strings;
			sourceTree = "<group>";
		};
/* End PBXVariantGroup section */

/* Begin XCBuildConfiguration section */
		E735FE0828A2538F00FCE2E6 /* Debug */ = {
			isa = XCBuildConfiguration;
			buildSettings = {
				ALWAYS_EMBED_SWIFT_STANDARD_LIBRARIES = YES;
				ASSETCATALOG_COMPILER_APPICON_NAME = AppIcon;
				ASSETCATALOG_COMPILER_GLOBAL_ACCENT_COLOR_NAME = AccentColor;
				ASSETCATALOG_COMPILER_INCLUDE_ALL_APPICON_ASSETS = YES;
				CODE_SIGN_ENTITLEMENTS = "RopesForWatch Watch App/RopesForWatch Watch App.entitlements";
				CODE_SIGN_STYLE = Automatic;
				CURRENT_PROJECT_VERSION = 1;
				DEVELOPMENT_ASSET_PATHS = "\"RopesForWatch Watch App/Preview Content\"";
				DEVELOPMENT_TEAM = 4W8M2TTJRQ;
				ENABLE_PREVIEWS = YES;
				GENERATE_INFOPLIST_FILE = YES;
				INFOPLIST_FILE = "RopesForWatch-Watch-App-Info.plist";
				INFOPLIST_KEY_UISupportedInterfaceOrientations = "UIInterfaceOrientationPortrait UIInterfaceOrientationPortraitUpsideDown";
				INFOPLIST_KEY_WKCompanionAppBundleIdentifier = ilyabiryuk.bundle.Ropes;
				INFOPLIST_KEY_WKRunsIndependentlyOfCompanionApp = YES;
				LD_RUNPATH_SEARCH_PATHS = (
					"$(inherited)",
					"@executable_path/Frameworks",
				);
				MARKETING_VERSION = 1.0;
				PRODUCT_BUNDLE_IDENTIFIER = ilyabiryuk.bundle.Ropes.watchkitapp;
				PRODUCT_NAME = Ropes;
				SDKROOT = watchos;
				SKIP_INSTALL = YES;
				SWIFT_EMIT_LOC_STRINGS = YES;
				SWIFT_VERSION = 5.0;
				TARGETED_DEVICE_FAMILY = 4;
				WATCHOS_DEPLOYMENT_TARGET = 8.0;
			};
			name = Debug;
		};
		E735FE0928A2538F00FCE2E6 /* Release */ = {
			isa = XCBuildConfiguration;
			buildSettings = {
				ALWAYS_EMBED_SWIFT_STANDARD_LIBRARIES = YES;
				ASSETCATALOG_COMPILER_APPICON_NAME = AppIcon;
				ASSETCATALOG_COMPILER_GLOBAL_ACCENT_COLOR_NAME = AccentColor;
				ASSETCATALOG_COMPILER_INCLUDE_ALL_APPICON_ASSETS = YES;
				CODE_SIGN_ENTITLEMENTS = "RopesForWatch Watch App/RopesForWatch Watch App.entitlements";
				CODE_SIGN_STYLE = Automatic;
				CURRENT_PROJECT_VERSION = 1;
				DEVELOPMENT_ASSET_PATHS = "\"RopesForWatch Watch App/Preview Content\"";
				DEVELOPMENT_TEAM = 4W8M2TTJRQ;
				ENABLE_PREVIEWS = YES;
				GENERATE_INFOPLIST_FILE = YES;
				INFOPLIST_FILE = "RopesForWatch-Watch-App-Info.plist";
				INFOPLIST_KEY_UISupportedInterfaceOrientations = "UIInterfaceOrientationPortrait UIInterfaceOrientationPortraitUpsideDown";
				INFOPLIST_KEY_WKCompanionAppBundleIdentifier = ilyabiryuk.bundle.Ropes;
				INFOPLIST_KEY_WKRunsIndependentlyOfCompanionApp = YES;
				LD_RUNPATH_SEARCH_PATHS = (
					"$(inherited)",
					"@executable_path/Frameworks",
				);
				MARKETING_VERSION = 1.0;
				PRODUCT_BUNDLE_IDENTIFIER = ilyabiryuk.bundle.Ropes.watchkitapp;
				PRODUCT_NAME = Ropes;
				SDKROOT = watchos;
				SKIP_INSTALL = YES;
				SWIFT_EMIT_LOC_STRINGS = YES;
				SWIFT_VERSION = 5.0;
				TARGETED_DEVICE_FAMILY = 4;
				VALIDATE_PRODUCT = YES;
				WATCHOS_DEPLOYMENT_TARGET = 8.0;
			};
			name = Release;
		};
		E7436E2728DE331000E96EF5 /* Debug */ = {
			isa = XCBuildConfiguration;
			buildSettings = {
				ASSETCATALOG_COMPILER_GLOBAL_ACCENT_COLOR_NAME = AccentColor;
				ASSETCATALOG_COMPILER_WIDGET_BACKGROUND_COLOR_NAME = WidgetBackground;
				CODE_SIGN_STYLE = Automatic;
				CURRENT_PROJECT_VERSION = 1;
				DEVELOPMENT_TEAM = 4W8M2TTJRQ;
				GENERATE_INFOPLIST_FILE = YES;
				INFOPLIST_FILE = WidjetsForWatch/Info.plist;
				INFOPLIST_KEY_CFBundleDisplayName = WidjetsForWatch;
				INFOPLIST_KEY_NSHumanReadableCopyright = "";
				LD_RUNPATH_SEARCH_PATHS = (
					"$(inherited)",
					"@executable_path/Frameworks",
					"@executable_path/../../Frameworks",
					"@executable_path/../../../../Frameworks",
				);
				MARKETING_VERSION = 1.0;
				PRODUCT_BUNDLE_IDENTIFIER = ilyabiryuk.bundle.Ropes.watchkitapp.WidjetsForWatch;
				PRODUCT_NAME = "$(TARGET_NAME)";
				SDKROOT = watchos;
				SKIP_INSTALL = YES;
				SWIFT_EMIT_LOC_STRINGS = YES;
				SWIFT_VERSION = 5.0;
				TARGETED_DEVICE_FAMILY = 4;
				WATCHOS_DEPLOYMENT_TARGET = 9.0;
			};
			name = Debug;
		};
		E7436E2828DE331000E96EF5 /* Release */ = {
			isa = XCBuildConfiguration;
			buildSettings = {
				ASSETCATALOG_COMPILER_GLOBAL_ACCENT_COLOR_NAME = AccentColor;
				ASSETCATALOG_COMPILER_WIDGET_BACKGROUND_COLOR_NAME = WidgetBackground;
				CODE_SIGN_STYLE = Automatic;
				CURRENT_PROJECT_VERSION = 1;
				DEVELOPMENT_TEAM = 4W8M2TTJRQ;
				GENERATE_INFOPLIST_FILE = YES;
				INFOPLIST_FILE = WidjetsForWatch/Info.plist;
				INFOPLIST_KEY_CFBundleDisplayName = WidjetsForWatch;
				INFOPLIST_KEY_NSHumanReadableCopyright = "";
				LD_RUNPATH_SEARCH_PATHS = (
					"$(inherited)",
					"@executable_path/Frameworks",
					"@executable_path/../../Frameworks",
					"@executable_path/../../../../Frameworks",
				);
				MARKETING_VERSION = 1.0;
				PRODUCT_BUNDLE_IDENTIFIER = ilyabiryuk.bundle.Ropes.watchkitapp.WidjetsForWatch;
				PRODUCT_NAME = "$(TARGET_NAME)";
				SDKROOT = watchos;
				SKIP_INSTALL = YES;
				SWIFT_EMIT_LOC_STRINGS = YES;
				SWIFT_VERSION = 5.0;
				TARGETED_DEVICE_FAMILY = 4;
				VALIDATE_PRODUCT = YES;
				WATCHOS_DEPLOYMENT_TARGET = 9.0;
			};
			name = Release;
		};
		E7B740E828A6AEEA008048CF /* Debug */ = {
			isa = XCBuildConfiguration;
			buildSettings = {
				ASSETCATALOG_COMPILER_GLOBAL_ACCENT_COLOR_NAME = AccentColor;
				ASSETCATALOG_COMPILER_WIDGET_BACKGROUND_COLOR_NAME = WidgetBackground;
				CODE_SIGN_ENTITLEMENTS = WidjetsExtension.entitlements;
				CODE_SIGN_STYLE = Automatic;
				CURRENT_PROJECT_VERSION = 1;
				DEVELOPMENT_TEAM = 4W8M2TTJRQ;
				GENERATE_INFOPLIST_FILE = YES;
				INFOPLIST_FILE = Widjets/Info.plist;
				INFOPLIST_KEY_CFBundleDisplayName = Widjets;
				INFOPLIST_KEY_NSHumanReadableCopyright = "";
				IPHONEOS_DEPLOYMENT_TARGET = 16.0;
				LD_RUNPATH_SEARCH_PATHS = (
					"$(inherited)",
					"@executable_path/Frameworks",
					"@executable_path/../../Frameworks",
				);
				MACOSX_DEPLOYMENT_TARGET = 12.0;
				MARKETING_VERSION = 1.0;
				PRODUCT_BUNDLE_IDENTIFIER = ilyabiryuk.bundle.Ropes.Widjets;
				PRODUCT_NAME = "$(TARGET_NAME)";
				SDKROOT = iphoneos;
				SKIP_INSTALL = YES;
				SWIFT_EMIT_LOC_STRINGS = YES;
				SWIFT_VERSION = 5.0;
				TARGETED_DEVICE_FAMILY = "1,2";
				TVOS_DEPLOYMENT_TARGET = 15.0;
				WATCHOS_DEPLOYMENT_TARGET = 9.0;
			};
			name = Debug;
		};
		E7B740E928A6AEEA008048CF /* Release */ = {
			isa = XCBuildConfiguration;
			buildSettings = {
				ASSETCATALOG_COMPILER_GLOBAL_ACCENT_COLOR_NAME = AccentColor;
				ASSETCATALOG_COMPILER_WIDGET_BACKGROUND_COLOR_NAME = WidgetBackground;
				CODE_SIGN_ENTITLEMENTS = WidjetsExtension.entitlements;
				CODE_SIGN_STYLE = Automatic;
				CURRENT_PROJECT_VERSION = 1;
				DEVELOPMENT_TEAM = 4W8M2TTJRQ;
				GENERATE_INFOPLIST_FILE = YES;
				INFOPLIST_FILE = Widjets/Info.plist;
				INFOPLIST_KEY_CFBundleDisplayName = Widjets;
				INFOPLIST_KEY_NSHumanReadableCopyright = "";
				IPHONEOS_DEPLOYMENT_TARGET = 16.0;
				LD_RUNPATH_SEARCH_PATHS = (
					"$(inherited)",
					"@executable_path/Frameworks",
					"@executable_path/../../Frameworks",
				);
				MACOSX_DEPLOYMENT_TARGET = 12.0;
				MARKETING_VERSION = 1.0;
				PRODUCT_BUNDLE_IDENTIFIER = ilyabiryuk.bundle.Ropes.Widjets;
				PRODUCT_NAME = "$(TARGET_NAME)";
				SDKROOT = iphoneos;
				SKIP_INSTALL = YES;
				SWIFT_EMIT_LOC_STRINGS = YES;
				SWIFT_VERSION = 5.0;
				TARGETED_DEVICE_FAMILY = "1,2";
				TVOS_DEPLOYMENT_TARGET = 15.0;
				VALIDATE_PRODUCT = YES;
				WATCHOS_DEPLOYMENT_TARGET = 9.0;
			};
			name = Release;
		};
		E7EAFF98289F8DEA00C28906 /* Debug */ = {
			isa = XCBuildConfiguration;
			buildSettings = {
				ALWAYS_SEARCH_USER_PATHS = NO;
				CLANG_ANALYZER_NONNULL = YES;
				CLANG_ANALYZER_NUMBER_OBJECT_CONVERSION = YES_AGGRESSIVE;
				CLANG_CXX_LANGUAGE_STANDARD = "gnu++20";
				CLANG_ENABLE_MODULES = YES;
				CLANG_ENABLE_OBJC_ARC = YES;
				CLANG_ENABLE_OBJC_WEAK = YES;
				CLANG_WARN_BLOCK_CAPTURE_AUTORELEASING = YES;
				CLANG_WARN_BOOL_CONVERSION = YES;
				CLANG_WARN_COMMA = YES;
				CLANG_WARN_CONSTANT_CONVERSION = YES;
				CLANG_WARN_DEPRECATED_OBJC_IMPLEMENTATIONS = YES;
				CLANG_WARN_DIRECT_OBJC_ISA_USAGE = YES_ERROR;
				CLANG_WARN_DOCUMENTATION_COMMENTS = YES;
				CLANG_WARN_EMPTY_BODY = YES;
				CLANG_WARN_ENUM_CONVERSION = YES;
				CLANG_WARN_INFINITE_RECURSION = YES;
				CLANG_WARN_INT_CONVERSION = YES;
				CLANG_WARN_NON_LITERAL_NULL_CONVERSION = YES;
				CLANG_WARN_OBJC_IMPLICIT_RETAIN_SELF = YES;
				CLANG_WARN_OBJC_LITERAL_CONVERSION = YES;
				CLANG_WARN_OBJC_ROOT_CLASS = YES_ERROR;
				CLANG_WARN_QUOTED_INCLUDE_IN_FRAMEWORK_HEADER = YES;
				CLANG_WARN_RANGE_LOOP_ANALYSIS = YES;
				CLANG_WARN_STRICT_PROTOTYPES = YES;
				CLANG_WARN_SUSPICIOUS_MOVE = YES;
				CLANG_WARN_UNGUARDED_AVAILABILITY = YES_AGGRESSIVE;
				CLANG_WARN_UNREACHABLE_CODE = YES;
				CLANG_WARN__DUPLICATE_METHOD_MATCH = YES;
				COPY_PHASE_STRIP = NO;
				DEBUG_INFORMATION_FORMAT = dwarf;
				ENABLE_STRICT_OBJC_MSGSEND = YES;
				ENABLE_TESTABILITY = YES;
				GCC_C_LANGUAGE_STANDARD = gnu11;
				GCC_DYNAMIC_NO_PIC = NO;
				GCC_NO_COMMON_BLOCKS = YES;
				GCC_OPTIMIZATION_LEVEL = 0;
				GCC_PREPROCESSOR_DEFINITIONS = (
					"DEBUG=1",
					"$(inherited)",
				);
				GCC_WARN_64_TO_32_BIT_CONVERSION = YES;
				GCC_WARN_ABOUT_RETURN_TYPE = YES_ERROR;
				GCC_WARN_UNDECLARED_SELECTOR = YES;
				GCC_WARN_UNINITIALIZED_AUTOS = YES_AGGRESSIVE;
				GCC_WARN_UNUSED_FUNCTION = YES;
				GCC_WARN_UNUSED_VARIABLE = YES;
				MTL_ENABLE_DEBUG_INFO = INCLUDE_SOURCE;
				MTL_FAST_MATH = YES;
				ONLY_ACTIVE_ARCH = YES;
				OTHER_SWIFT_FLAGS = "";
				SWIFT_ACTIVE_COMPILATION_CONDITIONS = DEBUG;
				SWIFT_EMIT_LOC_STRINGS = YES;
				SWIFT_OPTIMIZATION_LEVEL = "-Onone";
			};
			name = Debug;
		};
		E7EAFF99289F8DEA00C28906 /* Release */ = {
			isa = XCBuildConfiguration;
			buildSettings = {
				ALWAYS_SEARCH_USER_PATHS = NO;
				CLANG_ANALYZER_NONNULL = YES;
				CLANG_ANALYZER_NUMBER_OBJECT_CONVERSION = YES_AGGRESSIVE;
				CLANG_CXX_LANGUAGE_STANDARD = "gnu++20";
				CLANG_ENABLE_MODULES = YES;
				CLANG_ENABLE_OBJC_ARC = YES;
				CLANG_ENABLE_OBJC_WEAK = YES;
				CLANG_WARN_BLOCK_CAPTURE_AUTORELEASING = YES;
				CLANG_WARN_BOOL_CONVERSION = YES;
				CLANG_WARN_COMMA = YES;
				CLANG_WARN_CONSTANT_CONVERSION = YES;
				CLANG_WARN_DEPRECATED_OBJC_IMPLEMENTATIONS = YES;
				CLANG_WARN_DIRECT_OBJC_ISA_USAGE = YES_ERROR;
				CLANG_WARN_DOCUMENTATION_COMMENTS = YES;
				CLANG_WARN_EMPTY_BODY = YES;
				CLANG_WARN_ENUM_CONVERSION = YES;
				CLANG_WARN_INFINITE_RECURSION = YES;
				CLANG_WARN_INT_CONVERSION = YES;
				CLANG_WARN_NON_LITERAL_NULL_CONVERSION = YES;
				CLANG_WARN_OBJC_IMPLICIT_RETAIN_SELF = YES;
				CLANG_WARN_OBJC_LITERAL_CONVERSION = YES;
				CLANG_WARN_OBJC_ROOT_CLASS = YES_ERROR;
				CLANG_WARN_QUOTED_INCLUDE_IN_FRAMEWORK_HEADER = YES;
				CLANG_WARN_RANGE_LOOP_ANALYSIS = YES;
				CLANG_WARN_STRICT_PROTOTYPES = YES;
				CLANG_WARN_SUSPICIOUS_MOVE = YES;
				CLANG_WARN_UNGUARDED_AVAILABILITY = YES_AGGRESSIVE;
				CLANG_WARN_UNREACHABLE_CODE = YES;
				CLANG_WARN__DUPLICATE_METHOD_MATCH = YES;
				COPY_PHASE_STRIP = NO;
				DEBUG_INFORMATION_FORMAT = "dwarf-with-dsym";
				ENABLE_NS_ASSERTIONS = NO;
				ENABLE_STRICT_OBJC_MSGSEND = YES;
				GCC_C_LANGUAGE_STANDARD = gnu11;
				GCC_NO_COMMON_BLOCKS = YES;
				GCC_WARN_64_TO_32_BIT_CONVERSION = YES;
				GCC_WARN_ABOUT_RETURN_TYPE = YES_ERROR;
				GCC_WARN_UNDECLARED_SELECTOR = YES;
				GCC_WARN_UNINITIALIZED_AUTOS = YES_AGGRESSIVE;
				GCC_WARN_UNUSED_FUNCTION = YES;
				GCC_WARN_UNUSED_VARIABLE = YES;
				MTL_ENABLE_DEBUG_INFO = NO;
				MTL_FAST_MATH = YES;
				OTHER_SWIFT_FLAGS = "";
				SWIFT_COMPILATION_MODE = wholemodule;
				SWIFT_EMIT_LOC_STRINGS = YES;
				SWIFT_OPTIMIZATION_LEVEL = "-O";
			};
			name = Release;
		};
		E7EAFF9B289F8DEA00C28906 /* Debug */ = {
			isa = XCBuildConfiguration;
			buildSettings = {
				ALWAYS_EMBED_SWIFT_STANDARD_LIBRARIES = YES;
				ASSETCATALOG_COMPILER_APPICON_NAME = AppIcon;
				ASSETCATALOG_COMPILER_GLOBAL_ACCENT_COLOR_NAME = AccentColor;
				CODE_SIGN_ENTITLEMENTS = Ropes/Ropes.entitlements;
				"CODE_SIGN_IDENTITY[sdk=macosx*]" = "Apple Development";
				CODE_SIGN_STYLE = Automatic;
				CURRENT_PROJECT_VERSION = 0;
				DEVELOPMENT_ASSET_PATHS = "\"Ropes/Preview Content\"";
				DEVELOPMENT_TEAM = 4W8M2TTJRQ;
				ENABLE_HARDENED_RUNTIME = YES;
				ENABLE_PREVIEWS = YES;
				GENERATE_INFOPLIST_FILE = YES;
				INFOPLIST_FILE = Ropes/Info.plist;
				INFOPLIST_KEY_LSApplicationCategoryType = "public.app-category.productivity";
				"INFOPLIST_KEY_UIApplicationSceneManifest_Generation[sdk=iphoneos*]" = YES;
				"INFOPLIST_KEY_UIApplicationSceneManifest_Generation[sdk=iphonesimulator*]" = YES;
				"INFOPLIST_KEY_UIApplicationSupportsIndirectInputEvents[sdk=iphoneos*]" = YES;
				"INFOPLIST_KEY_UIApplicationSupportsIndirectInputEvents[sdk=iphonesimulator*]" = YES;
				"INFOPLIST_KEY_UILaunchScreen_Generation[sdk=iphoneos*]" = YES;
				"INFOPLIST_KEY_UILaunchScreen_Generation[sdk=iphonesimulator*]" = YES;
				INFOPLIST_KEY_UIStatusBarStyle = "";
				"INFOPLIST_KEY_UIStatusBarStyle[sdk=iphoneos*]" = UIStatusBarStyleDefault;
				"INFOPLIST_KEY_UIStatusBarStyle[sdk=iphonesimulator*]" = UIStatusBarStyleDefault;
				INFOPLIST_KEY_UISupportedInterfaceOrientations = "UIInterfaceOrientationPortrait UIInterfaceOrientationPortraitUpsideDown";
				INFOPLIST_KEY_UISupportedInterfaceOrientations_iPad = "UIInterfaceOrientationLandscapeLeft UIInterfaceOrientationLandscapeRight UIInterfaceOrientationPortrait UIInterfaceOrientationPortraitUpsideDown";
				IPHONEOS_DEPLOYMENT_TARGET = 15.0;
				LD_RUNPATH_SEARCH_PATHS = "@executable_path/Frameworks";
				"LD_RUNPATH_SEARCH_PATHS[sdk=macosx*]" = "@executable_path/../Frameworks";
				MACOSX_DEPLOYMENT_TARGET = 12.0;
				MARKETING_VERSION = 1.2;
				OTHER_SWIFT_FLAGS = "";
				PRODUCT_BUNDLE_IDENTIFIER = ilyabiryuk.bundle.Ropes;
				PRODUCT_NAME = "$(TARGET_NAME)";
				SDKROOT = auto;
				SUPPORTED_PLATFORMS = "iphoneos iphonesimulator macosx";
				SUPPORTS_MACCATALYST = NO;
				SUPPORTS_MAC_DESIGNED_FOR_IPHONE_IPAD = NO;
				SWIFT_EMIT_LOC_STRINGS = YES;
				SWIFT_VERSION = 5.0;
				TARGETED_DEVICE_FAMILY = "1,2";
			};
			name = Debug;
		};
		E7EAFF9C289F8DEA00C28906 /* Release */ = {
			isa = XCBuildConfiguration;
			buildSettings = {
				ALWAYS_EMBED_SWIFT_STANDARD_LIBRARIES = YES;
				ASSETCATALOG_COMPILER_APPICON_NAME = AppIcon;
				ASSETCATALOG_COMPILER_GLOBAL_ACCENT_COLOR_NAME = AccentColor;
				CODE_SIGN_ENTITLEMENTS = Ropes/Ropes.entitlements;
				"CODE_SIGN_IDENTITY[sdk=macosx*]" = "Apple Development";
				CODE_SIGN_STYLE = Automatic;
				CURRENT_PROJECT_VERSION = 0;
				DEVELOPMENT_ASSET_PATHS = "\"Ropes/Preview Content\"";
				DEVELOPMENT_TEAM = 4W8M2TTJRQ;
				ENABLE_HARDENED_RUNTIME = YES;
				ENABLE_PREVIEWS = YES;
				GENERATE_INFOPLIST_FILE = YES;
				INFOPLIST_FILE = Ropes/Info.plist;
				INFOPLIST_KEY_LSApplicationCategoryType = "public.app-category.productivity";
				"INFOPLIST_KEY_UIApplicationSceneManifest_Generation[sdk=iphoneos*]" = YES;
				"INFOPLIST_KEY_UIApplicationSceneManifest_Generation[sdk=iphonesimulator*]" = YES;
				"INFOPLIST_KEY_UIApplicationSupportsIndirectInputEvents[sdk=iphoneos*]" = YES;
				"INFOPLIST_KEY_UIApplicationSupportsIndirectInputEvents[sdk=iphonesimulator*]" = YES;
				"INFOPLIST_KEY_UILaunchScreen_Generation[sdk=iphoneos*]" = YES;
				"INFOPLIST_KEY_UILaunchScreen_Generation[sdk=iphonesimulator*]" = YES;
				INFOPLIST_KEY_UIStatusBarStyle = "";
				"INFOPLIST_KEY_UIStatusBarStyle[sdk=iphoneos*]" = UIStatusBarStyleDefault;
				"INFOPLIST_KEY_UIStatusBarStyle[sdk=iphonesimulator*]" = UIStatusBarStyleDefault;
				INFOPLIST_KEY_UISupportedInterfaceOrientations = "UIInterfaceOrientationPortrait UIInterfaceOrientationPortraitUpsideDown";
				INFOPLIST_KEY_UISupportedInterfaceOrientations_iPad = "UIInterfaceOrientationLandscapeLeft UIInterfaceOrientationLandscapeRight UIInterfaceOrientationPortrait UIInterfaceOrientationPortraitUpsideDown";
				IPHONEOS_DEPLOYMENT_TARGET = 15.0;
				LD_RUNPATH_SEARCH_PATHS = "@executable_path/Frameworks";
				"LD_RUNPATH_SEARCH_PATHS[sdk=macosx*]" = "@executable_path/../Frameworks";
				MACOSX_DEPLOYMENT_TARGET = 12.0;
				MARKETING_VERSION = 1.2;
				OTHER_SWIFT_FLAGS = "";
				PRODUCT_BUNDLE_IDENTIFIER = ilyabiryuk.bundle.Ropes;
				PRODUCT_NAME = "$(TARGET_NAME)";
				SDKROOT = auto;
				SUPPORTED_PLATFORMS = "iphoneos iphonesimulator macosx";
				SUPPORTS_MACCATALYST = NO;
				SUPPORTS_MAC_DESIGNED_FOR_IPHONE_IPAD = NO;
				SWIFT_EMIT_LOC_STRINGS = YES;
				SWIFT_VERSION = 5.0;
				TARGETED_DEVICE_FAMILY = "1,2";
			};
			name = Release;
		};
/* End XCBuildConfiguration section */

/* Begin XCConfigurationList section */
		E735FE0A28A2538F00FCE2E6 /* Build configuration list for PBXNativeTarget "RopesForWatch Watch App" */ = {
			isa = XCConfigurationList;
			buildConfigurations = (
				E735FE0828A2538F00FCE2E6 /* Debug */,
				E735FE0928A2538F00FCE2E6 /* Release */,
			);
			defaultConfigurationIsVisible = 0;
			defaultConfigurationName = Release;
		};
		E7436E2928DE331000E96EF5 /* Build configuration list for PBXNativeTarget "WidjetsForWatchExtension" */ = {
			isa = XCConfigurationList;
			buildConfigurations = (
				E7436E2728DE331000E96EF5 /* Debug */,
				E7436E2828DE331000E96EF5 /* Release */,
			);
			defaultConfigurationIsVisible = 0;
			defaultConfigurationName = Release;
		};
		E7B740EA28A6AEEA008048CF /* Build configuration list for PBXNativeTarget "WidjetsExtension" */ = {
			isa = XCConfigurationList;
			buildConfigurations = (
				E7B740E828A6AEEA008048CF /* Debug */,
				E7B740E928A6AEEA008048CF /* Release */,
			);
			defaultConfigurationIsVisible = 0;
			defaultConfigurationName = Release;
		};
		E7EAFF81289F8DE900C28906 /* Build configuration list for PBXProject "Ropes" */ = {
			isa = XCConfigurationList;
			buildConfigurations = (
				E7EAFF98289F8DEA00C28906 /* Debug */,
				E7EAFF99289F8DEA00C28906 /* Release */,
			);
			defaultConfigurationIsVisible = 0;
			defaultConfigurationName = Release;
		};
		E7EAFF9A289F8DEA00C28906 /* Build configuration list for PBXNativeTarget "Ropes" */ = {
			isa = XCConfigurationList;
			buildConfigurations = (
				E7EAFF9B289F8DEA00C28906 /* Debug */,
				E7EAFF9C289F8DEA00C28906 /* Release */,
			);
			defaultConfigurationIsVisible = 0;
			defaultConfigurationName = Release;
		};
/* End XCConfigurationList section */

/* Begin XCVersionGroup section */
		E7EAFF8D289F8DE900C28906 /* Ropes.xcdatamodeld */ = {
			isa = XCVersionGroup;
			children = (
				E7EAFF8E289F8DE900C28906 /* Ropes.xcdatamodel */,
			);
			currentVersion = E7EAFF8E289F8DE900C28906 /* Ropes.xcdatamodel */;
			path = Ropes.xcdatamodeld;
			sourceTree = "<group>";
			versionGroupType = wrapper.xcdatamodel;
		};
/* End XCVersionGroup section */
	};
	rootObject = E7EAFF7E289F8DE900C28906 /* Project object */;
}
